
Microsoft Visual Studio Solution File, Format Version 12.00
# Visual Studio Version 16
VisualStudioVersion = 16.0.35731.53
MinimumVisualStudioVersion = 10.0.40219.1
Project("{F184B08F-C81C-45F6-A57F-5ABD9991F28F}") = "CooperativeLendingSystem", "CooperativeLendingSystem.vbproj", "{9D2CF49F-1F2C-4E22-9D05-D864F8E3F854}"
EndProject
Global
	GlobalSection(SolutionConfigurationPlatforms) = preSolution
		Debug|Any CPU = Debug|Any CPU
		Release|Any CPU = Release|Any CPU
	EndGlobalSection
	GlobalSection(ProjectConfigurationPlatforms) = postSolution
		{9D2CF49F-1F2C-4E22-9D05-D864F8E3F854}.Debug|Any CPU.ActiveCfg = Debug|Any CPU
		{9D2CF49F-1F2C-4E22-9D05-D864F8E3F854}.Debug|Any CPU.Build.0 = Debug|Any CPU
		{9D2CF49F-1F2C-4E22-9D05-D864F8E3F854}.Release|Any CPU.ActiveCfg = Release|Any CPU
		{9D2CF49F-1F2C-4E22-9D05-D864F8E3F854}.Release|Any CPU.Build.0 = Release|Any CPU
	EndGlobalSection
	GlobalSection(SolutionProperties) = preSolution
		HideSolutionNode = FALSE
	EndGlobalSection
	GlobalSection(ExtensibilityGlobals) = postSolution
		SolutionGuid = {33DA569C-8C4C-4C1B-BD1C-16FB23F725F4}
	EndGlobalSection
EndGlobal
